
Microsoft Visual Studio Solution File, Format Version 12.00
# Visual Studio Version 16
VisualStudioVersion = 16.0.30223.230
MinimumVisualStudioVersion = 10.0.40219.1
Project("{FAE04EC0-301F-11D3-BF4B-00C04F79EFBC}") = "ShellNullRef.Android", "ShellNullRef.Android\ShellNullRef.Android.csproj", "{05C5B77F-E3B9-404B-BC2C-4EC4A6F38CC1}"
EndProject
Project("{9A19103F-16F7-4668-BE54-9A1E7A4F7556}") = "ShellNullRef", "ShellNullRef\ShellNullRef.csproj", "{9AC7B81E-7E56-43DC-8490-252694BE8DEE}"
EndProject
Global
	GlobalSection(SolutionConfigurationPlatforms) = preSolution
		Debug|Any CPU = Debug|Any CPU
		Release|Any CPU = Release|Any CPU
	EndGlobalSection
	GlobalSection(ProjectConfigurationPlatforms) = postSolution
		{05C5B77F-E3B9-404B-BC2C-4EC4A6F38CC1}.Debug|Any CPU.ActiveCfg = Debug|Any CPU
		{05C5B77F-E3B9-404B-BC2C-4EC4A6F38CC1}.Debug|Any CPU.Build.0 = Debug|Any CPU
		{05C5B77F-E3B9-404B-BC2C-4EC4A6F38CC1}.Debug|Any CPU.Deploy.0 = Debug|Any CPU
		{05C5B77F-E3B9-404B-BC2C-4EC4A6F38CC1}.Release|Any CPU.ActiveCfg = Release|Any CPU
		{05C5B77F-E3B9-404B-BC2C-4EC4A6F38CC1}.Release|Any CPU.Build.0 = Release|Any CPU
		{05C5B77F-E3B9-404B-BC2C-4EC4A6F38CC1}.Release|Any CPU.Deploy.0 = Release|Any CPU
		{9AC7B81E-7E56-43DC-8490-252694BE8DEE}.Debug|Any CPU.ActiveCfg = Debug|Any CPU
		{9AC7B81E-7E56-43DC-8490-252694BE8DEE}.Debug|Any CPU.Build.0 = Debug|Any CPU
		{9AC7B81E-7E56-43DC-8490-252694BE8DEE}.Debug|Any CPU.Deploy.0 = Debug|Any CPU
		{9AC7B81E-7E56-43DC-8490-252694BE8DEE}.Release|Any CPU.ActiveCfg = Release|Any CPU
		{9AC7B81E-7E56-43DC-8490-252694BE8DEE}.Release|Any CPU.Build.0 = Release|Any CPU
		{9AC7B81E-7E56-43DC-8490-252694BE8DEE}.Release|Any CPU.Deploy.0 = Release|Any CPU
	EndGlobalSection
	GlobalSection(SolutionProperties) = preSolution
		HideSolutionNode = FALSE
	EndGlobalSection
	GlobalSection(ExtensibilityGlobals) = postSolution
		SolutionGuid = {BD9B5324-4724-441F-8E62-0B74796AF3DD}
	EndGlobalSection
EndGlobal
